
Microsoft Visual Studio Solution File, Format Version 12.00
# Visual Studio Version 17
VisualStudioVersion = 17.9.34902.65
MinimumVisualStudioVersion = 10.0.40219.1
Project("{FAE04EC0-301F-11D3-BF4B-00C04F79EFBC}") = "SuperHeroWebApi.Net8", "SuperHeroWebApi.Net8\SuperHeroWebApi.Net8.csproj", "{3324A305-D523-423D-B0B3-F47D361E2DB8}"
EndProject
Global
	GlobalSection(SolutionConfigurationPlatforms) = preSolution
		Debug|Any CPU = Debug|Any CPU
		Release|Any CPU = Release|Any CPU
	EndGlobalSection
	GlobalSection(ProjectConfigurationPlatforms) = postSolution
		{3324A305-D523-423D-B0B3-F47D361E2DB8}.Debug|Any CPU.ActiveCfg = Debug|Any CPU
		{3324A305-D523-423D-B0B3-F47D361E2DB8}.Debug|Any CPU.Build.0 = Debug|Any CPU
		{3324A305-D523-423D-B0B3-F47D361E2DB8}.Release|Any CPU.ActiveCfg = Release|Any CPU
		{3324A305-D523-423D-B0B3-F47D361E2DB8}.Release|Any CPU.Build.0 = Release|Any CPU
	EndGlobalSection
	GlobalSection(SolutionProperties) = preSolution
		HideSolutionNode = FALSE
	EndGlobalSection
	GlobalSection(ExtensibilityGlobals) = postSolution
		SolutionGuid = {146608C9-6967-4128-B2AE-70E3F3166A2D}
	EndGlobalSection
EndGlobal
